
Microsoft Visual Studio Solution File, Format Version 12.00
# Visual Studio Version 16
VisualStudioVersion = 16.0.28803.156
MinimumVisualStudioVersion = 10.0.40219.1
Project("{9A19103F-16F7-4668-BE54-9A1E7A4F7556}") = "SmtpPilot", "src\SmtpPilot\SmtpPilot.csproj", "{B76AC1D5-7AAA-487C-B9CE-AE9699546696}"
EndProject
Project("{9A19103F-16F7-4668-BE54-9A1E7A4F7556}") = "SmtpPilot.Server", "src\SmtpPilot.Server\SmtpPilot.Server.csproj", "{8FB5811A-F595-4EE9-9392-6BC9332CACC1}"
EndProject
Project("{9A19103F-16F7-4668-BE54-9A1E7A4F7556}") = "SmtpPilot.Client", "src\SmtpPilot.Client\SmtpPilot.Client.csproj", "{A34ED4AA-A994-4EE4-880C-DEFF221EF3A8}"
EndProject
Project("{9A19103F-16F7-4668-BE54-9A1E7A4F7556}") = "SmtpPilot.Tests", "tests\SmtpPilot.Tests\SmtpPilot.Tests.csproj", "{499DDA43-F051-496C-BBBF-E7A5AA5025D6}"
EndProject
Project("{9A19103F-16F7-4668-BE54-9A1E7A4F7556}") = "SmtpPilot.WebHooks", "src\SmtpPilot.WebHooks\SmtpPilot.WebHooks.csproj", "{C3530493-9F4E-49E4-8D15-7DBEE3138E2D}"
EndProject
Global
	GlobalSection(SolutionConfigurationPlatforms) = preSolution
		Debug|Any CPU = Debug|Any CPU
		Release|Any CPU = Release|Any CPU
	EndGlobalSection
	GlobalSection(ProjectConfigurationPlatforms) = postSolution
		{B76AC1D5-7AAA-487C-B9CE-AE9699546696}.Debug|Any CPU.ActiveCfg = Debug|Any CPU
		{B76AC1D5-7AAA-487C-B9CE-AE9699546696}.Debug|Any CPU.Build.0 = Debug|Any CPU
		{B76AC1D5-7AAA-487C-B9CE-AE9699546696}.Release|Any CPU.ActiveCfg = Release|Any CPU
		{B76AC1D5-7AAA-487C-B9CE-AE9699546696}.Release|Any CPU.Build.0 = Release|Any CPU
		{8FB5811A-F595-4EE9-9392-6BC9332CACC1}.Debug|Any CPU.ActiveCfg = Debug|Any CPU
		{8FB5811A-F595-4EE9-9392-6BC9332CACC1}.Debug|Any CPU.Build.0 = Debug|Any CPU
		{8FB5811A-F595-4EE9-9392-6BC9332CACC1}.Release|Any CPU.ActiveCfg = Release|Any CPU
		{8FB5811A-F595-4EE9-9392-6BC9332CACC1}.Release|Any CPU.Build.0 = Release|Any CPU
		{A34ED4AA-A994-4EE4-880C-DEFF221EF3A8}.Debug|Any CPU.ActiveCfg = Debug|Any CPU
		{A34ED4AA-A994-4EE4-880C-DEFF221EF3A8}.Debug|Any CPU.Build.0 = Debug|Any CPU
		{A34ED4AA-A994-4EE4-880C-DEFF221EF3A8}.Release|Any CPU.ActiveCfg = Release|Any CPU
		{A34ED4AA-A994-4EE4-880C-DEFF221EF3A8}.Release|Any CPU.Build.0 = Release|Any CPU
		{499DDA43-F051-496C-BBBF-E7A5AA5025D6}.Debug|Any CPU.ActiveCfg = Debug|Any CPU
		{499DDA43-F051-496C-BBBF-E7A5AA5025D6}.Debug|Any CPU.Build.0 = Debug|Any CPU
		{499DDA43-F051-496C-BBBF-E7A5AA5025D6}.Release|Any CPU.ActiveCfg = Release|Any CPU
		{499DDA43-F051-496C-BBBF-E7A5AA5025D6}.Release|Any CPU.Build.0 = Release|Any CPU
		{C3530493-9F4E-49E4-8D15-7DBEE3138E2D}.Debug|Any CPU.ActiveCfg = Debug|Any CPU
		{C3530493-9F4E-49E4-8D15-7DBEE3138E2D}.Debug|Any CPU.Build.0 = Debug|Any CPU
		{C3530493-9F4E-49E4-8D15-7DBEE3138E2D}.Release|Any CPU.ActiveCfg = Release|Any CPU
		{C3530493-9F4E-49E4-8D15-7DBEE3138E2D}.Release|Any CPU.Build.0 = Release|Any CPU
	EndGlobalSection
	GlobalSection(SolutionProperties) = preSolution
		HideSolutionNode = FALSE
	EndGlobalSection
	GlobalSection(ExtensibilityGlobals) = postSolution
		SolutionGuid = {F84B6F14-B85D-4824-A082-B1C5A3C7FFEA}
	EndGlobalSection
EndGlobal
